
Microsoft Visual Studio Solution File, Format Version 12.00
# Visual Studio Version 17
VisualStudioVersion = 17.10.35004.147
MinimumVisualStudioVersion = 10.0.40219.1
Project("{FAE04EC0-301F-11D3-BF4B-00C04F79EFBC}") = "MemoryGameFinish2024", "MemoryGameFinish2024.csproj", "{B5A99D12-7F00-4E43-9957-08EA78639E8D}"
EndProject
Global
	GlobalSection(SolutionConfigurationPlatforms) = preSolution
		Debug|Any CPU = Debug|Any CPU
		Release|Any CPU = Release|Any CPU
	EndGlobalSection
	GlobalSection(ProjectConfigurationPlatforms) = postSolution
		{B5A99D12-7F00-4E43-9957-08EA78639E8D}.Debug|Any CPU.ActiveCfg = Debug|Any CPU
		{B5A99D12-7F00-4E43-9957-08EA78639E8D}.Debug|Any CPU.Build.0 = Debug|Any CPU
		{B5A99D12-7F00-4E43-9957-08EA78639E8D}.Debug|Any CPU.Deploy.0 = Debug|Any CPU
		{B5A99D12-7F00-4E43-9957-08EA78639E8D}.Release|Any CPU.ActiveCfg = Release|Any CPU
		{B5A99D12-7F00-4E43-9957-08EA78639E8D}.Release|Any CPU.Build.0 = Release|Any CPU
		{B5A99D12-7F00-4E43-9957-08EA78639E8D}.Release|Any CPU.Deploy.0 = Release|Any CPU
	EndGlobalSection
	GlobalSection(SolutionProperties) = preSolution
		HideSolutionNode = FALSE
	EndGlobalSection
	GlobalSection(ExtensibilityGlobals) = postSolution
		SolutionGuid = {5FF74CCE-0891-4D56-AAAF-E0D1C78407A8}
	EndGlobalSection
EndGlobal
